
Microsoft Visual Studio Solution File, Format Version 12.00
# Visual Studio Version 17
VisualStudioVersion = 17.8.34330.188
MinimumVisualStudioVersion = 10.0.40219.1
Project("{FAE04EC0-301F-11D3-BF4B-00C04F79EFBC}") = "Project.Server.Suite.Dispatcher", "Project.Server.Suite.Dispatcher\Project.Server.Suite.Dispatcher.csproj", "{1FE266D1-B101-4267-9FFD-CD1769384706}"
EndProject
Project("{FAE04EC0-301F-11D3-BF4B-00C04F79EFBC}") = "Project.Server.Suite.Data", "Project.Server.Suite.Data\Project.Server.Suite.Data.csproj", "{847F36CA-5061-43DF-9F2E-398F6E979AB0}"
EndProject
Project("{FAE04EC0-301F-11D3-BF4B-00C04F79EFBC}") = "Project.Server.Suite.Base", "Project.Server.Suite.Base\Project.Server.Suite.Base.csproj", "{27802A7C-7F60-42EB-96E1-BF4435E90BF8}"
EndProject
Project("{FAE04EC0-301F-11D3-BF4B-00C04F79EFBC}") = "Project.Server.Suite.Services", "Project.Server.Suite.Services\Project.Server.Suite.Services.csproj", "{C8DF073B-4845-41E4-B68E-297318A688A0}"
EndProject
Global
	GlobalSection(SolutionConfigurationPlatforms) = preSolution
		Debug|Any CPU = Debug|Any CPU
		Release|Any CPU = Release|Any CPU
	EndGlobalSection
	GlobalSection(ProjectConfigurationPlatforms) = postSolution
		{1FE266D1-B101-4267-9FFD-CD1769384706}.Debug|Any CPU.ActiveCfg = Debug|Any CPU
		{1FE266D1-B101-4267-9FFD-CD1769384706}.Debug|Any CPU.Build.0 = Debug|Any CPU
		{1FE266D1-B101-4267-9FFD-CD1769384706}.Release|Any CPU.ActiveCfg = Release|Any CPU
		{1FE266D1-B101-4267-9FFD-CD1769384706}.Release|Any CPU.Build.0 = Release|Any CPU
		{847F36CA-5061-43DF-9F2E-398F6E979AB0}.Debug|Any CPU.ActiveCfg = Debug|Any CPU
		{847F36CA-5061-43DF-9F2E-398F6E979AB0}.Debug|Any CPU.Build.0 = Debug|Any CPU
		{847F36CA-5061-43DF-9F2E-398F6E979AB0}.Release|Any CPU.ActiveCfg = Release|Any CPU
		{847F36CA-5061-43DF-9F2E-398F6E979AB0}.Release|Any CPU.Build.0 = Release|Any CPU
		{27802A7C-7F60-42EB-96E1-BF4435E90BF8}.Debug|Any CPU.ActiveCfg = Debug|Any CPU
		{27802A7C-7F60-42EB-96E1-BF4435E90BF8}.Debug|Any CPU.Build.0 = Debug|Any CPU
		{27802A7C-7F60-42EB-96E1-BF4435E90BF8}.Release|Any CPU.ActiveCfg = Release|Any CPU
		{27802A7C-7F60-42EB-96E1-BF4435E90BF8}.Release|Any CPU.Build.0 = Release|Any CPU
		{C8DF073B-4845-41E4-B68E-297318A688A0}.Debug|Any CPU.ActiveCfg = Debug|Any CPU
		{C8DF073B-4845-41E4-B68E-297318A688A0}.Debug|Any CPU.Build.0 = Debug|Any CPU
		{C8DF073B-4845-41E4-B68E-297318A688A0}.Release|Any CPU.ActiveCfg = Release|Any CPU
		{C8DF073B-4845-41E4-B68E-297318A688A0}.Release|Any CPU.Build.0 = Release|Any CPU
	EndGlobalSection
	GlobalSection(SolutionProperties) = preSolution
		HideSolutionNode = FALSE
	EndGlobalSection
	GlobalSection(ExtensibilityGlobals) = postSolution
		SolutionGuid = {49D3A7CE-3FC2-4F6B-9252-5916179B6751}
	EndGlobalSection
EndGlobal
